
Microsoft Visual Studio Solution File, Format Version 12.00
# Visual Studio Version 16
VisualStudioVersion = 16.0.31702.278
MinimumVisualStudioVersion = 10.0.40219.1
Project("{FAE04EC0-301F-11D3-BF4B-00C04F79EFBC}") = "SnakeGIT", "SnakeGIT\SnakeGIT.csproj", "{6FCB0F62-A57C-4766-B0D2-098FF971FECD}"
EndProject
Global
	GlobalSection(SolutionConfigurationPlatforms) = preSolution
		Debug|Any CPU = Debug|Any CPU
		Release|Any CPU = Release|Any CPU
	EndGlobalSection
	GlobalSection(ProjectConfigurationPlatforms) = postSolution
		{6FCB0F62-A57C-4766-B0D2-098FF971FECD}.Debug|Any CPU.ActiveCfg = Debug|Any CPU
		{6FCB0F62-A57C-4766-B0D2-098FF971FECD}.Debug|Any CPU.Build.0 = Debug|Any CPU
		{6FCB0F62-A57C-4766-B0D2-098FF971FECD}.Release|Any CPU.ActiveCfg = Release|Any CPU
		{6FCB0F62-A57C-4766-B0D2-098FF971FECD}.Release|Any CPU.Build.0 = Release|Any CPU
	EndGlobalSection
	GlobalSection(SolutionProperties) = preSolution
		HideSolutionNode = FALSE
	EndGlobalSection
	GlobalSection(ExtensibilityGlobals) = postSolution
		SolutionGuid = {6DB3E4AE-4BCB-4CDE-BDE6-053C5C571F12}
	EndGlobalSection
EndGlobal
